// !$*UTF8*$!
{
	archiveVersion = 1;
	classes = {
	};
	objectVersion = 46;
	objects = {

/* Begin PBXBuildFile section */
		2D71563F19995EC500A0CAF0 /* Foundation.framework in Frameworks */ = {isa = PBXBuildFile; fileRef = 2D71563E19995EC500A0CAF0 /* Foundation.framework */; };
		2D71564119995EC500A0CAF0 /* CoreGraphics.framework in Frameworks */ = {isa = PBXBuildFile; fileRef = 2D71564019995EC500A0CAF0 /* CoreGraphics.framework */; };
		2D71564319995EC500A0CAF0 /* UIKit.framework in Frameworks */ = {isa = PBXBuildFile; fileRef = 2D71564219995EC500A0CAF0 /* UIKit.framework */; };
		2D71564919995EC500A0CAF0 /* InfoPlist.strings in Resources */ = {isa = PBXBuildFile; fileRef = 2D71564719995EC500A0CAF0 /* InfoPlist.strings */; };
		2D71564B19995EC500A0CAF0 /* main.m in Sources */ = {isa = PBXBuildFile; fileRef = 2D71564A19995EC500A0CAF0 /* main.m */; };
		2D71564F19995EC500A0CAF0 /* HelloWorldAppDelegate.m in Sources */ = {isa = PBXBuildFile; fileRef = 2D71564E19995EC500A0CAF0 /* HelloWorldAppDelegate.m */; };
		2D71565219995EC500A0CAF0 /* Main.storyboard in Resources */ = {isa = PBXBuildFile; fileRef = 2D71565019995EC500A0CAF0 /* Main.storyboard */; };
		2D71565519995EC500A0CAF0 /* HelloWorldViewController.m in Sources */ = {isa = PBXBuildFile; fileRef = 2D71565419995EC500A0CAF0 /* HelloWorldViewController.m */; };
		2D71565719995EC500A0CAF0 /* Images.xcassets in Resources */ = {isa = PBXBuildFile; fileRef = 2D71565619995EC500A0CAF0 /* Images.xcassets */; };
		2D71565E19995EC500A0CAF0 /* XCTest.framework in Frameworks */ = {isa = PBXBuildFile; fileRef = 2D71565D19995EC500A0CAF0 /* XCTest.framework */; };
		2D71565F19995EC500A0CAF0 /* Foundation.framework in Frameworks */ = {isa = PBXBuildFile; fileRef = 2D71563E19995EC500A0CAF0 /* Foundation.framework */; };
		2D71566019995EC500A0CAF0 /* UIKit.framework in Frameworks */ = {isa = PBXBuildFile; fileRef = 2D71564219995EC500A0CAF0 /* UIKit.framework */; };
		2D71566819995EC500A0CAF0 /* InfoPlist.strings in Resources */ = {isa = PBXBuildFile; fileRef = 2D71566619995EC500A0CAF0 /* InfoPlist.strings */; };
		2D71566A19995EC500A0CAF0 /* HelloWorldTests.m in Sources */ = {isa = PBXBuildFile; fileRef = 2D71566919995EC500A0CAF0 /* HelloWorldTests.m */; };
		2D7156741999677000A0CAF0 /* SeaCatClientTrial.framework in Frameworks */ = {isa = PBXBuildFile; fileRef = 2D7156731999677000A0CAF0 /* SeaCatClientTrial.framework */; };
/* End PBXBuildFile section */

/* Begin PBXContainerItemProxy section */
		2D71566119995EC500A0CAF0 /* PBXContainerItemProxy */ = {
			isa = PBXContainerItemProxy;
			containerPortal = 2D71563319995EC500A0CAF0 /* Project object */;
			proxyType = 1;
			remoteGlobalIDString = 2D71563A19995EC500A0CAF0;
			remoteInfo = HelloWorld;
		};
/* End PBXContainerItemProxy section */

/* Begin PBXFileReference section */
		2D71563B19995EC500A0CAF0 /* HelloWorld.app */ = {isa = PBXFileReference; explicitFileType = wrapper.application; includeInIndex = 0; path = HelloWorld.app; sourceTree = BUILT_PRODUCTS_DIR; };
		2D71563E19995EC500A0CAF0 /* Foundation.framework */ = {isa = PBXFileReference; lastKnownFileType = wrapper.framework; name = Foundation.framework; path = System/Library/Frameworks/Foundation.framework; sourceTree = SDKROOT; };
		2D71564019995EC500A0CAF0 /* CoreGraphics.framework */ = {isa = PBXFileReference; lastKnownFileType = wrapper.framework; name = CoreGraphics.framework; path = System/Library/Frameworks/CoreGraphics.framework; sourceTree = SDKROOT; };
		2D71564219995EC500A0CAF0 /* UIKit.framework */ = {isa = PBXFileReference; lastKnownFileType = wrapper.framework; name = UIKit.framework; path = System/Library/Frameworks/UIKit.framework; sourceTree = SDKROOT; };
		2D71564619995EC500A0CAF0 /* HelloWorld-Info.plist */ = {isa = PBXFileReference; lastKnownFileType = text.plist.xml; path = "HelloWorld-Info.plist"; sourceTree = "<group>"; };
		2D71564819995EC500A0CAF0 /* en */ = {isa = PBXFileReference; lastKnownFileType = text.plist.strings; name = en; path = en.lproj/InfoPlist.strings; sourceTree = "<group>"; };
		2D71564A19995EC500A0CAF0 /* main.m */ = {isa = PBXFileReference; lastKnownFileType = sourcecode.c.objc; path = main.m; sourceTree = "<group>"; };
		2D71564C19995EC500A0CAF0 /* HelloWorld-Prefix.pch */ = {isa = PBXFileReference; lastKnownFileType = sourcecode.c.h; path = "HelloWorld-Prefix.pch"; sourceTree = "<group>"; };
		2D71564D19995EC500A0CAF0 /* HelloWorldAppDelegate.h */ = {isa = PBXFileReference; lastKnownFileType = sourcecode.c.h; path = HelloWorldAppDelegate.h; sourceTree = "<group>"; };
		2D71564E19995EC500A0CAF0 /* HelloWorldAppDelegate.m */ = {isa = PBXFileReference; lastKnownFileType = sourcecode.c.objc; path = HelloWorldAppDelegate.m; sourceTree = "<group>"; };
		2D71565119995EC500A0CAF0 /* Base */ = {isa = PBXFileReference; lastKnownFileType = file.storyboard; name = Base; path = Base.lproj/Main.storyboard; sourceTree = "<group>"; };
		2D71565319995EC500A0CAF0 /* HelloWorldViewController.h */ = {isa = PBXFileReference; lastKnownFileType = sourcecode.c.h; path = HelloWorldViewController.h; sourceTree = "<group>"; };
		2D71565419995EC500A0CAF0 /* HelloWorldViewController.m */ = {isa = PBXFileReference; lastKnownFileType = sourcecode.c.objc; path = HelloWorldViewController.m; sourceTree = "<group>"; };
		2D71565619995EC500A0CAF0 /* Images.xcassets */ = {isa = PBXFileReference; lastKnownFileType = folder.assetcatalog; path = Images.xcassets; sourceTree = "<group>"; };
		2D71565C19995EC500A0CAF0 /* HelloWorldTests.xctest */ = {isa = PBXFileReference; explicitFileType = wrapper.cfbundle; includeInIndex = 0; path = HelloWorldTests.xctest; sourceTree = BUILT_PRODUCTS_DIR; };
		2D71565D19995EC500A0CAF0 /* XCTest.framework */ = {isa = PBXFileReference; lastKnownFileType = wrapper.framework; name = XCTest.framework; path = Library/Frameworks/XCTest.framework; sourceTree = DEVELOPER_DIR; };
		2D71566519995EC500A0CAF0 /* HelloWorldTests-Info.plist */ = {isa = PBXFileReference; lastKnownFileType = text.plist.xml; path = "HelloWorldTests-Info.plist"; sourceTree = "<group>"; };
		2D71566719995EC500A0CAF0 /* en */ = {isa = PBXFileReference; lastKnownFileType = text.plist.strings; name = en; path = en.lproj/InfoPlist.strings; sourceTree = "<group>"; };
		2D71566919995EC500A0CAF0 /* HelloWorldTests.m */ = {isa = PBXFileReference; lastKnownFileType = sourcecode.c.objc; path = HelloWorldTests.m; sourceTree = "<group>"; };
		2D7156731999677000A0CAF0 /* SeaCatClientTrial.framework */ = {isa = PBXFileReference; lastKnownFileType = wrapper.framework; path = SeaCatClientTrial.framework; sourceTree = "<group>"; };
/* End PBXFileReference section */

/* Begin PBXFrameworksBuildPhase section */
		2D71563819995EC500A0CAF0 /* Frameworks */ = {
			isa = PBXFrameworksBuildPhase;
			buildActionMask = 2147483647;
			files = (
				2D71564119995EC500A0CAF0 /* CoreGraphics.framework in Frameworks */,
				2D71564319995EC500A0CAF0 /* UIKit.framework in Frameworks */,
				2D71563F19995EC500A0CAF0 /* Foundation.framework in Frameworks */,
				2D7156741999677000A0CAF0 /* SeaCatClientTrial.framework in Frameworks */,
			);
			runOnlyForDeploymentPostprocessing = 0;
		};
		2D71565919995EC500A0CAF0 /* Frameworks */ = {
			isa = PBXFrameworksBuildPhase;
			buildActionMask = 2147483647;
			files = (
				2D71565E19995EC500A0CAF0 /* XCTest.framework in Frameworks */,
				2D71566019995EC500A0CAF0 /* UIKit.framework in Frameworks */,
				2D71565F19995EC500A0CAF0 /* Foundation.framework in Frameworks */,
			);
			runOnlyForDeploymentPostprocessing = 0;
		};
/* End PBXFrameworksBuildPhase section */

/* Begin PBXGroup section */
		2D71563219995EC500A0CAF0 = {
			isa = PBXGroup;
			children = (
				2D71564419995EC500A0CAF0 /* HelloWorld */,
				2D71566319995EC500A0CAF0 /* HelloWorldTests */,
				2D71563D19995EC500A0CAF0 /* Frameworks */,
				2D71563C19995EC500A0CAF0 /* Products */,
			);
			sourceTree = "<group>";
		};
		2D71563C19995EC500A0CAF0 /* Products */ = {
			isa = PBXGroup;
			children = (
				2D71563B19995EC500A0CAF0 /* HelloWorld.app */,
				2D71565C19995EC500A0CAF0 /* HelloWorldTests.xctest */,
			);
			name = Products;
			sourceTree = "<group>";
		};
		2D71563D19995EC500A0CAF0 /* Frameworks */ = {
			isa = PBXGroup;
			children = (
				2D7156731999677000A0CAF0 /* SeaCatClientTrial.framework */,
				2D71563E19995EC500A0CAF0 /* Foundation.framework */,
				2D71564019995EC500A0CAF0 /* CoreGraphics.framework */,
				2D71564219995EC500A0CAF0 /* UIKit.framework */,
				2D71565D19995EC500A0CAF0 /* XCTest.framework */,
			);
			name = Frameworks;
			sourceTree = "<group>";
		};
		2D71564419995EC500A0CAF0 /* HelloWorld */ = {
			isa = PBXGroup;
			children = (
				2D71564D19995EC500A0CAF0 /* HelloWorldAppDelegate.h */,
				2D71564E19995EC500A0CAF0 /* HelloWorldAppDelegate.m */,
				2D71565019995EC500A0CAF0 /* Main.storyboard */,
				2D71565319995EC500A0CAF0 /* HelloWorldViewController.h */,
				2D71565419995EC500A0CAF0 /* HelloWorldViewController.m */,
				2D71565619995EC500A0CAF0 /* Images.xcassets */,
				2D71564519995EC500A0CAF0 /* Supporting Files */,
			);
			path = HelloWorld;
			sourceTree = "<group>";
		};
		2D71564519995EC500A0CAF0 /* Supporting Files */ = {
			isa = PBXGroup;
			children = (
				2D71564619995EC500A0CAF0 /* HelloWorld-Info.plist */,
				2D71564719995EC500A0CAF0 /* InfoPlist.strings */,
				2D71564A19995EC500A0CAF0 /* main.m */,
				2D71564C19995EC500A0CAF0 /* HelloWorld-Prefix.pch */,
			);
			name = "Supporting Files";
			sourceTree = "<group>";
		};
		2D71566319995EC500A0CAF0 /* HelloWorldTests */ = {
			isa = PBXGroup;
			children = (
				2D71566919995EC500A0CAF0 /* HelloWorldTests.m */,
				2D71566419995EC500A0CAF0 /* Supporting Files */,
			);
			path = HelloWorldTests;
			sourceTree = "<group>";
		};
		2D71566419995EC500A0CAF0 /* Supporting Files */ = {
			isa = PBXGroup;
			children = (
				2D71566519995EC500A0CAF0 /* HelloWorldTests-Info.plist */,
				2D71566619995EC500A0CAF0 /* InfoPlist.strings */,
			);
			name = "Supporting Files";
			sourceTree = "<group>";
		};
/* End PBXGroup section */

/* Begin PBXNativeTarget section */
		2D71563A19995EC500A0CAF0 /* HelloWorld */ = {
			isa = PBXNativeTarget;
			buildConfigurationList = 2D71566D19995EC500A0CAF0 /* Build configuration list for PBXNativeTarget "HelloWorld" */;
			buildPhases = (
				2D71563719995EC500A0CAF0 /* Sources */,
				2D71563819995EC500A0CAF0 /* Frameworks */,
				2D71563919995EC500A0CAF0 /* Resources */,
			);
			buildRules = (
			);
			dependencies = (
			);
			name = HelloWorld;
			productName = HelloWorld;
			productReference = 2D71563B19995EC500A0CAF0 /* HelloWorld.app */;
			productType = "com.apple.product-type.application";
		};
		2D71565B19995EC500A0CAF0 /* HelloWorldTests */ = {
			isa = PBXNativeTarget;
			buildConfigurationList = 2D71567019995EC500A0CAF0 /* Build configuration list for PBXNativeTarget "HelloWorldTests" */;
			buildPhases = (
				2D71565819995EC500A0CAF0 /* Sources */,
				2D71565919995EC500A0CAF0 /* Frameworks */,
				2D71565A19995EC500A0CAF0 /* Resources */,
			);
			buildRules = (
			);
			dependencies = (
				2D71566219995EC500A0CAF0 /* PBXTargetDependency */,
			);
			name = HelloWorldTests;
			productName = HelloWorldTests;
			productReference = 2D71565C19995EC500A0CAF0 /* HelloWorldTests.xctest */;
			productType = "com.apple.product-type.bundle.unit-test";
		};
/* End PBXNativeTarget section */

/* Begin PBXProject section */
		2D71563319995EC500A0CAF0 /* Project object */ = {
			isa = PBXProject;
			attributes = {
				CLASSPREFIX = HelloWorld;
				LastUpgradeCheck = 0510;
				ORGANIZATIONNAME = seatcat.mobi;
				TargetAttributes = {
					2D71565B19995EC500A0CAF0 = {
						TestTargetID = 2D71563A19995EC500A0CAF0;
					};
				};
			};
			buildConfigurationList = 2D71563619995EC500A0CAF0 /* Build configuration list for PBXProject "HelloWorld" */;
			compatibilityVersion = "Xcode 3.2";
			developmentRegion = English;
			hasScannedForEncodings = 0;
			knownRegions = (
				en,
				Base,
			);
			mainGroup = 2D71563219995EC500A0CAF0;
			productRefGroup = 2D71563C19995EC500A0CAF0 /* Products */;
			projectDirPath = "";
			projectRoot = "";
			targets = (
				2D71563A19995EC500A0CAF0 /* HelloWorld */,
				2D71565B19995EC500A0CAF0 /* HelloWorldTests */,
			);
		};
/* End PBXProject section */

/* Begin PBXResourcesBuildPhase section */
		2D71563919995EC500A0CAF0 /* Resources */ = {
			isa = PBXResourcesBuildPhase;
			buildActionMask = 2147483647;
			files = (
				2D71565719995EC500A0CAF0 /* Images.xcassets in Resources */,
				2D71564919995EC500A0CAF0 /* InfoPlist.strings in Resources */,
				2D71565219995EC500A0CAF0 /* Main.storyboard in Resources */,
			);
			runOnlyForDeploymentPostprocessing = 0;
		};
		2D71565A19995EC500A0CAF0 /* Resources */ = {
			isa = PBXResourcesBuildPhase;
			buildActionMask = 2147483647;
			files = (
				2D71566819995EC500A0CAF0 /* InfoPlist.strings in Resources */,
			);
			runOnlyForDeploymentPostprocessing = 0;
		};
/* End PBXResourcesBuildPhase section */

/* Begin PBXSourcesBuildPhase section */
		2D71563719995EC500A0CAF0 /* Sources */ = {
			isa = PBXSourcesBuildPhase;
			buildActionMask = 2147483647;
			files = (
				2D71564F19995EC500A0CAF0 /* HelloWorldAppDelegate.m in Sources */,
				2D71565519995EC500A0CAF0 /* HelloWorldViewController.m in Sources */,
				2D71564B19995EC500A0CAF0 /* main.m in Sources */,
			);
			runOnlyForDeploymentPostprocessing = 0;
		};
		2D71565819995EC500A0CAF0 /* Sources */ = {
			isa = PBXSourcesBuildPhase;
			buildActionMask = 2147483647;
			files = (
				2D71566A19995EC500A0CAF0 /* HelloWorldTests.m in Sources */,
			);
			runOnlyForDeploymentPostprocessing = 0;
		};
/* End PBXSourcesBuildPhase section */

/* Begin PBXTargetDependency section */
		2D71566219995EC500A0CAF0 /* PBXTargetDependency */ = {
			isa = PBXTargetDependency;
			target = 2D71563A19995EC500A0CAF0 /* HelloWorld */;
			targetProxy = 2D71566119995EC500A0CAF0 /* PBXContainerItemProxy */;
		};
/* End PBXTargetDependency section */

/* Begin PBXVariantGroup section */
		2D71564719995EC500A0CAF0 /* InfoPlist.strings */ = {
			isa = PBXVariantGroup;
			children = (
				2D71564819995EC500A0CAF0 /* en */,
			);
			name = InfoPlist.strings;
			sourceTree = "<group>";
		};
		2D71565019995EC500A0CAF0 /* Main.storyboard */ = {
			isa = PBXVariantGroup;
			children = (
				2D71565119995EC500A0CAF0 /* Base */,
			);
			name = Main.storyboard;
			sourceTree = "<group>";
		};
		2D71566619995EC500A0CAF0 /* InfoPlist.strings */ = {
			isa = PBXVariantGroup;
			children = (
				2D71566719995EC500A0CAF0 /* en */,
			);
			name = InfoPlist.strings;
			sourceTree = "<group>";
		};
/* End PBXVariantGroup section */

/* Begin XCBuildConfiguration section */
		2D71566B19995EC500A0CAF0 /* Debug */ = {
			isa = XCBuildConfiguration;
			buildSettings = {
				ALWAYS_SEARCH_USER_PATHS = NO;
				CLANG_CXX_LANGUAGE_STANDARD = "gnu++0x";
				CLANG_CXX_LIBRARY = "libc++";
				CLANG_ENABLE_MODULES = YES;
				CLANG_ENABLE_OBJC_ARC = YES;
				CLANG_WARN_BOOL_CONVERSION = YES;
				CLANG_WARN_CONSTANT_CONVERSION = YES;
				CLANG_WARN_DIRECT_OBJC_ISA_USAGE = YES_ERROR;
				CLANG_WARN_EMPTY_BODY = YES;
				CLANG_WARN_ENUM_CONVERSION = YES;
				CLANG_WARN_INT_CONVERSION = YES;
				CLANG_WARN_OBJC_ROOT_CLASS = YES_ERROR;
				CLANG_WARN__DUPLICATE_METHOD_MATCH = YES;
				"CODE_SIGN_IDENTITY[sdk=iphoneos*]" = "iPhone Developer";
				COPY_PHASE_STRIP = NO;
				GCC_C_LANGUAGE_STANDARD = gnu99;
				GCC_DYNAMIC_NO_PIC = NO;
				GCC_OPTIMIZATION_LEVEL = 0;
				GCC_PREPROCESSOR_DEFINITIONS = (
					"DEBUG=1",
					"$(inherited)",
				);
				GCC_SYMBOLS_PRIVATE_EXTERN = NO;
				GCC_WARN_64_TO_32_BIT_CONVERSION = YES;
				GCC_WARN_ABOUT_RETURN_TYPE = YES_ERROR;
				GCC_WARN_UNDECLARED_SELECTOR = YES;
				GCC_WARN_UNINITIALIZED_AUTOS = YES_AGGRESSIVE;
				GCC_WARN_UNUSED_FUNCTION = YES;
				GCC_WARN_UNUSED_VARIABLE = YES;
				IPHONEOS_DEPLOYMENT_TARGET = 7.1;
				ONLY_ACTIVE_ARCH = YES;
				SDKROOT = iphoneos;
			};
			name = Debug;
		};
		2D71566C19995EC500A0CAF0 /* Release */ = {
			isa = XCBuildConfiguration;
			buildSettings = {
				ALWAYS_SEARCH_USER_PATHS = NO;
				CLANG_CXX_LANGUAGE_STANDARD = "gnu++0x";
				CLANG_CXX_LIBRARY = "libc++";
				CLANG_ENABLE_MODULES = YES;
				CLANG_ENABLE_OBJC_ARC = YES;
				CLANG_WARN_BOOL_CONVERSION = YES;
				CLANG_WARN_CONSTANT_CONVERSION = YES;
				CLANG_WARN_DIRECT_OBJC_ISA_USAGE = YES_ERROR;
				CLANG_WARN_EMPTY_BODY = YES;
				CLANG_WARN_ENUM_CONVERSION = YES;
				CLANG_WARN_INT_CONVERSION = YES;
				CLANG_WARN_OBJC_ROOT_CLASS = YES_ERROR;
				CLANG_WARN__DUPLICATE_METHOD_MATCH = YES;
				"CODE_SIGN_IDENTITY[sdk=iphoneos*]" = "iPhone Developer";
				COPY_PHASE_STRIP = YES;
				ENABLE_NS_ASSERTIONS = NO;
				GCC_C_LANGUAGE_STANDARD = gnu99;
				GCC_WARN_64_TO_32_BIT_CONVERSION = YES;
				GCC_WARN_ABOUT_RETURN_TYPE = YES_ERROR;
				GCC_WARN_UNDECLARED_SELECTOR = YES;
				GCC_WARN_UNINITIALIZED_AUTOS = YES_AGGRESSIVE;
				GCC_WARN_UNUSED_FUNCTION = YES;
				GCC_WARN_UNUSED_VARIABLE = YES;
				IPHONEOS_DEPLOYMENT_TARGET = 7.1;
				SDKROOT = iphoneos;
				VALIDATE_PRODUCT = YES;
			};
			name = Release;
		};
		2D71566E19995EC500A0CAF0 /* Debug */ = {
			isa = XCBuildConfiguration;
			buildSettings = {
				ASSETCATALOG_COMPILER_APPICON_NAME = AppIcon;
				ASSETCATALOG_COMPILER_LAUNCHIMAGE_NAME = LaunchImage;
				FRAMEWORK_SEARCH_PATHS = (
					"$(inherited)",
					"$(PROJECT_DIR)",
				);
				GCC_PRECOMPILE_PREFIX_HEADER = YES;
				GCC_PREFIX_HEADER = "HelloWorld/HelloWorld-Prefix.pch";
				INFOPLIST_FILE = "HelloWorld/HelloWorld-Info.plist";
				PRODUCT_NAME = "$(TARGET_NAME)";
				WRAPPER_EXTENSION = app;
			};
			name = Debug;
		};
		2D71566F19995EC500A0CAF0 /* Release */ = {
			isa = XCBuildConfiguration;
			buildSettings = {
				ASSETCATALOG_COMPILER_APPICON_NAME = AppIcon;
				ASSETCATALOG_COMPILER_LAUNCHIMAGE_NAME = LaunchImage;
				FRAMEWORK_SEARCH_PATHS = (
					"$(inherited)",
					"$(PROJECT_DIR)",
				);
				GCC_PRECOMPILE_PREFIX_HEADER = YES;
				GCC_PREFIX_HEADER = "HelloWorld/HelloWorld-Prefix.pch";
				INFOPLIST_FILE = "HelloWorld/HelloWorld-Info.plist";
				PRODUCT_NAME = "$(TARGET_NAME)";
				WRAPPER_EXTENSION = app;
			};
			name = Release;
		};
		2D71567119995EC500A0CAF0 /* Debug */ = {
			isa = XCBuildConfiguration;
			buildSettings = {
				BUNDLE_LOADER = "$(BUILT_PRODUCTS_DIR)/HelloWorld.app/HelloWorld";
				FRAMEWORK_SEARCH_PATHS = (
					"$(SDKROOT)/Developer/Library/Frameworks",
					"$(inherited)",
					"$(DEVELOPER_FRAMEWORKS_DIR)",
				);
				GCC_PRECOMPILE_PREFIX_HEADER = YES;
				GCC_PREFIX_HEADER = "HelloWorld/HelloWorld-Prefix.pch";
				GCC_PREPROCESSOR_DEFINITIONS = (
					"DEBUG=1",
					"$(inherited)",
				);
				INFOPLIST_FILE = "HelloWorldTests/HelloWorldTests-Info.plist";
				PRODUCT_NAME = "$(TARGET_NAME)";
				TEST_HOST = "$(BUNDLE_LOADER)";
				WRAPPER_EXTENSION = xctest;
			};
			name = Debug;
		};
		2D71567219995EC500A0CAF0 /* Release */ = {
			isa = XCBuildConfiguration;
			buildSettings = {
				BUNDLE_LOADER = "$(BUILT_PRODUCTS_DIR)/HelloWorld.app/HelloWorld";
				FRAMEWORK_SEARCH_PATHS = (
					"$(SDKROOT)/Developer/Library/Frameworks",
					"$(inherited)",
					"$(DEVELOPER_FRAMEWORKS_DIR)",
				);
				GCC_PRECOMPILE_PREFIX_HEADER = YES;
				GCC_PREFIX_HEADER = "HelloWorld/HelloWorld-Prefix.pch";
				INFOPLIST_FILE = "HelloWorldTests/HelloWorldTests-Info.plist";
				PRODUCT_NAME = "$(TARGET_NAME)";
				TEST_HOST = "$(BUNDLE_LOADER)";
				WRAPPER_EXTENSION = xctest;
			};
			name = Release;
		};
/* End XCBuildConfiguration section */

/* Begin XCConfigurationList section */
		2D71563619995EC500A0CAF0 /* Build configuration list for PBXProject "HelloWorld" */ = {
			isa = XCConfigurationList;
			buildConfigurations = (
				2D71566B19995EC500A0CAF0 /* Debug */,
				2D71566C19995EC500A0CAF0 /* Release */,
			);
			defaultConfigurationIsVisible = 0;
			defaultConfigurationName = Release;
		};
		2D71566D19995EC500A0CAF0 /* Build configuration list for PBXNativeTarget "HelloWorld" */ = {
			isa = XCConfigurationList;
			buildConfigurations = (
				2D71566E19995EC500A0CAF0 /* Debug */,
				2D71566F19995EC500A0CAF0 /* Release */,
			);
			defaultConfigurationIsVisible = 0;
		};
		2D71567019995EC500A0CAF0 /* Build configuration list for PBXNativeTarget "HelloWorldTests" */ = {
			isa = XCConfigurationList;
			buildConfigurations = (
				2D71567119995EC500A0CAF0 /* Debug */,
				2D71567219995EC500A0CAF0 /* Release */,
			);
			defaultConfigurationIsVisible = 0;
		};
/* End XCConfigurationList section */
	};
	rootObject = 2D71563319995EC500A0CAF0 /* Project object */;
}
