// !$*UTF8*$!
{
	archiveVersion = 1;
	classes = {
	};
	objectVersion = 46;
	objects = {

/* Begin PBXBuildFile section */
		2D7155F31995911500A0CAF0 /* Foundation.framework in Frameworks */ = {isa = PBXBuildFile; fileRef = 2D7155F21995911500A0CAF0 /* Foundation.framework */; };
		2D7155F51995911500A0CAF0 /* CoreGraphics.framework in Frameworks */ = {isa = PBXBuildFile; fileRef = 2D7155F41995911500A0CAF0 /* CoreGraphics.framework */; };
		2D7155F71995911500A0CAF0 /* UIKit.framework in Frameworks */ = {isa = PBXBuildFile; fileRef = 2D7155F61995911500A0CAF0 /* UIKit.framework */; };
		2D7155FD1995911500A0CAF0 /* InfoPlist.strings in Resources */ = {isa = PBXBuildFile; fileRef = 2D7155FB1995911500A0CAF0 /* InfoPlist.strings */; };
		2D7155FF1995911500A0CAF0 /* main.m in Sources */ = {isa = PBXBuildFile; fileRef = 2D7155FE1995911500A0CAF0 /* main.m */; };
		2D7156031995911500A0CAF0 /* HelloWorldAppAppDelegate.m in Sources */ = {isa = PBXBuildFile; fileRef = 2D7156021995911500A0CAF0 /* HelloWorldAppAppDelegate.m */; };
		2D7156061995911600A0CAF0 /* Main.storyboard in Resources */ = {isa = PBXBuildFile; fileRef = 2D7156041995911600A0CAF0 /* Main.storyboard */; };
		2D7156091995911600A0CAF0 /* HelloWorldAppViewController.m in Sources */ = {isa = PBXBuildFile; fileRef = 2D7156081995911600A0CAF0 /* HelloWorldAppViewController.m */; };
		2D71560B1995911600A0CAF0 /* Images.xcassets in Resources */ = {isa = PBXBuildFile; fileRef = 2D71560A1995911600A0CAF0 /* Images.xcassets */; };
		2D7156121995911600A0CAF0 /* XCTest.framework in Frameworks */ = {isa = PBXBuildFile; fileRef = 2D7156111995911600A0CAF0 /* XCTest.framework */; };
		2D7156131995911600A0CAF0 /* Foundation.framework in Frameworks */ = {isa = PBXBuildFile; fileRef = 2D7155F21995911500A0CAF0 /* Foundation.framework */; };
		2D7156141995911600A0CAF0 /* UIKit.framework in Frameworks */ = {isa = PBXBuildFile; fileRef = 2D7155F61995911500A0CAF0 /* UIKit.framework */; };
		2D71561C1995911600A0CAF0 /* InfoPlist.strings in Resources */ = {isa = PBXBuildFile; fileRef = 2D71561A1995911600A0CAF0 /* InfoPlist.strings */; };
		2D71561E1995911600A0CAF0 /* HelloWorldAppTests.m in Sources */ = {isa = PBXBuildFile; fileRef = 2D71561D1995911600A0CAF0 /* HelloWorldAppTests.m */; };
/* End PBXBuildFile section */

/* Begin PBXContainerItemProxy section */
		2D7156151995911600A0CAF0 /* PBXContainerItemProxy */ = {
			isa = PBXContainerItemProxy;
			containerPortal = 2D7155E71995911500A0CAF0 /* Project object */;
			proxyType = 1;
			remoteGlobalIDString = 2D7155EE1995911500A0CAF0;
			remoteInfo = HelloWorldApp;
		};
/* End PBXContainerItemProxy section */

/* Begin PBXFileReference section */
		2D7155EF1995911500A0CAF0 /* HelloWorldApp.app */ = {isa = PBXFileReference; explicitFileType = wrapper.application; includeInIndex = 0; path = HelloWorldApp.app; sourceTree = BUILT_PRODUCTS_DIR; };
		2D7155F21995911500A0CAF0 /* Foundation.framework */ = {isa = PBXFileReference; lastKnownFileType = wrapper.framework; name = Foundation.framework; path = System/Library/Frameworks/Foundation.framework; sourceTree = SDKROOT; };
		2D7155F41995911500A0CAF0 /* CoreGraphics.framework */ = {isa = PBXFileReference; lastKnownFileType = wrapper.framework; name = CoreGraphics.framework; path = System/Library/Frameworks/CoreGraphics.framework; sourceTree = SDKROOT; };
		2D7155F61995911500A0CAF0 /* UIKit.framework */ = {isa = PBXFileReference; lastKnownFileType = wrapper.framework; name = UIKit.framework; path = System/Library/Frameworks/UIKit.framework; sourceTree = SDKROOT; };
		2D7155FA1995911500A0CAF0 /* HelloWorldApp-Info.plist */ = {isa = PBXFileReference; lastKnownFileType = text.plist.xml; path = "HelloWorldApp-Info.plist"; sourceTree = "<group>"; };
		2D7155FC1995911500A0CAF0 /* en */ = {isa = PBXFileReference; lastKnownFileType = text.plist.strings; name = en; path = en.lproj/InfoPlist.strings; sourceTree = "<group>"; };
		2D7155FE1995911500A0CAF0 /* main.m */ = {isa = PBXFileReference; lastKnownFileType = sourcecode.c.objc; path = main.m; sourceTree = "<group>"; };
		2D7156001995911500A0CAF0 /* HelloWorldApp-Prefix.pch */ = {isa = PBXFileReference; lastKnownFileType = sourcecode.c.h; path = "HelloWorldApp-Prefix.pch"; sourceTree = "<group>"; };
		2D7156011995911500A0CAF0 /* HelloWorldAppAppDelegate.h */ = {isa = PBXFileReference; lastKnownFileType = sourcecode.c.h; path = HelloWorldAppAppDelegate.h; sourceTree = "<group>"; };
		2D7156021995911500A0CAF0 /* HelloWorldAppAppDelegate.m */ = {isa = PBXFileReference; lastKnownFileType = sourcecode.c.objc; path = HelloWorldAppAppDelegate.m; sourceTree = "<group>"; };
		2D7156051995911600A0CAF0 /* Base */ = {isa = PBXFileReference; lastKnownFileType = file.storyboard; name = Base; path = Base.lproj/Main.storyboard; sourceTree = "<group>"; };
		2D7156071995911600A0CAF0 /* HelloWorldAppViewController.h */ = {isa = PBXFileReference; lastKnownFileType = sourcecode.c.h; path = HelloWorldAppViewController.h; sourceTree = "<group>"; };
		2D7156081995911600A0CAF0 /* HelloWorldAppViewController.m */ = {isa = PBXFileReference; lastKnownFileType = sourcecode.c.objc; path = HelloWorldAppViewController.m; sourceTree = "<group>"; };
		2D71560A1995911600A0CAF0 /* Images.xcassets */ = {isa = PBXFileReference; lastKnownFileType = folder.assetcatalog; path = Images.xcassets; sourceTree = "<group>"; };
		2D7156101995911600A0CAF0 /* HelloWorldAppTests.xctest */ = {isa = PBXFileReference; explicitFileType = wrapper.cfbundle; includeInIndex = 0; path = HelloWorldAppTests.xctest; sourceTree = BUILT_PRODUCTS_DIR; };
		2D7156111995911600A0CAF0 /* XCTest.framework */ = {isa = PBXFileReference; lastKnownFileType = wrapper.framework; name = XCTest.framework; path = Library/Frameworks/XCTest.framework; sourceTree = DEVELOPER_DIR; };
		2D7156191995911600A0CAF0 /* HelloWorldAppTests-Info.plist */ = {isa = PBXFileReference; lastKnownFileType = text.plist.xml; path = "HelloWorldAppTests-Info.plist"; sourceTree = "<group>"; };
		2D71561B1995911600A0CAF0 /* en */ = {isa = PBXFileReference; lastKnownFileType = text.plist.strings; name = en; path = en.lproj/InfoPlist.strings; sourceTree = "<group>"; };
		2D71561D1995911600A0CAF0 /* HelloWorldAppTests.m */ = {isa = PBXFileReference; lastKnownFileType = sourcecode.c.objc; path = HelloWorldAppTests.m; sourceTree = "<group>"; };
/* End PBXFileReference section */

/* Begin PBXFrameworksBuildPhase section */
		2D7155EC1995911500A0CAF0 /* Frameworks */ = {
			isa = PBXFrameworksBuildPhase;
			buildActionMask = 2147483647;
			files = (
				2D7155F51995911500A0CAF0 /* CoreGraphics.framework in Frameworks */,
				2D7155F71995911500A0CAF0 /* UIKit.framework in Frameworks */,
				2D7155F31995911500A0CAF0 /* Foundation.framework in Frameworks */,
			);
			runOnlyForDeploymentPostprocessing = 0;
		};
		2D71560D1995911600A0CAF0 /* Frameworks */ = {
			isa = PBXFrameworksBuildPhase;
			buildActionMask = 2147483647;
			files = (
				2D7156121995911600A0CAF0 /* XCTest.framework in Frameworks */,
				2D7156141995911600A0CAF0 /* UIKit.framework in Frameworks */,
				2D7156131995911600A0CAF0 /* Foundation.framework in Frameworks */,
			);
			runOnlyForDeploymentPostprocessing = 0;
		};
/* End PBXFrameworksBuildPhase section */

/* Begin PBXGroup section */
		2D7155E61995911500A0CAF0 = {
			isa = PBXGroup;
			children = (
				2D7155F81995911500A0CAF0 /* HelloWorldApp */,
				2D7156171995911600A0CAF0 /* HelloWorldAppTests */,
				2D7155F11995911500A0CAF0 /* Frameworks */,
				2D7155F01995911500A0CAF0 /* Products */,
			);
			sourceTree = "<group>";
		};
		2D7155F01995911500A0CAF0 /* Products */ = {
			isa = PBXGroup;
			children = (
				2D7155EF1995911500A0CAF0 /* HelloWorldApp.app */,
				2D7156101995911600A0CAF0 /* HelloWorldAppTests.xctest */,
			);
			name = Products;
			sourceTree = "<group>";
		};
		2D7155F11995911500A0CAF0 /* Frameworks */ = {
			isa = PBXGroup;
			children = (
				2D7155F21995911500A0CAF0 /* Foundation.framework */,
				2D7155F41995911500A0CAF0 /* CoreGraphics.framework */,
				2D7155F61995911500A0CAF0 /* UIKit.framework */,
				2D7156111995911600A0CAF0 /* XCTest.framework */,
			);
			name = Frameworks;
			sourceTree = "<group>";
		};
		2D7155F81995911500A0CAF0 /* HelloWorldApp */ = {
			isa = PBXGroup;
			children = (
				2D7156011995911500A0CAF0 /* HelloWorldAppAppDelegate.h */,
				2D7156021995911500A0CAF0 /* HelloWorldAppAppDelegate.m */,
				2D7156041995911600A0CAF0 /* Main.storyboard */,
				2D7156071995911600A0CAF0 /* HelloWorldAppViewController.h */,
				2D7156081995911600A0CAF0 /* HelloWorldAppViewController.m */,
				2D71560A1995911600A0CAF0 /* Images.xcassets */,
				2D7155F91995911500A0CAF0 /* Supporting Files */,
			);
			path = HelloWorldApp;
			sourceTree = "<group>";
		};
		2D7155F91995911500A0CAF0 /* Supporting Files */ = {
			isa = PBXGroup;
			children = (
				2D7155FA1995911500A0CAF0 /* HelloWorldApp-Info.plist */,
				2D7155FB1995911500A0CAF0 /* InfoPlist.strings */,
				2D7155FE1995911500A0CAF0 /* main.m */,
				2D7156001995911500A0CAF0 /* HelloWorldApp-Prefix.pch */,
			);
			name = "Supporting Files";
			sourceTree = "<group>";
		};
		2D7156171995911600A0CAF0 /* HelloWorldAppTests */ = {
			isa = PBXGroup;
			children = (
				2D71561D1995911600A0CAF0 /* HelloWorldAppTests.m */,
				2D7156181995911600A0CAF0 /* Supporting Files */,
			);
			path = HelloWorldAppTests;
			sourceTree = "<group>";
		};
		2D7156181995911600A0CAF0 /* Supporting Files */ = {
			isa = PBXGroup;
			children = (
				2D7156191995911600A0CAF0 /* HelloWorldAppTests-Info.plist */,
				2D71561A1995911600A0CAF0 /* InfoPlist.strings */,
			);
			name = "Supporting Files";
			sourceTree = "<group>";
		};
/* End PBXGroup section */

/* Begin PBXNativeTarget section */
		2D7155EE1995911500A0CAF0 /* HelloWorldApp */ = {
			isa = PBXNativeTarget;
			buildConfigurationList = 2D7156211995911600A0CAF0 /* Build configuration list for PBXNativeTarget "HelloWorldApp" */;
			buildPhases = (
				2D7155EB1995911500A0CAF0 /* Sources */,
				2D7155EC1995911500A0CAF0 /* Frameworks */,
				2D7155ED1995911500A0CAF0 /* Resources */,
			);
			buildRules = (
			);
			dependencies = (
			);
			name = HelloWorldApp;
			productName = HelloWorldApp;
			productReference = 2D7155EF1995911500A0CAF0 /* HelloWorldApp.app */;
			productType = "com.apple.product-type.application";
		};
		2D71560F1995911600A0CAF0 /* HelloWorldAppTests */ = {
			isa = PBXNativeTarget;
			buildConfigurationList = 2D7156241995911600A0CAF0 /* Build configuration list for PBXNativeTarget "HelloWorldAppTests" */;
			buildPhases = (
				2D71560C1995911600A0CAF0 /* Sources */,
				2D71560D1995911600A0CAF0 /* Frameworks */,
				2D71560E1995911600A0CAF0 /* Resources */,
			);
			buildRules = (
			);
			dependencies = (
				2D7156161995911600A0CAF0 /* PBXTargetDependency */,
			);
			name = HelloWorldAppTests;
			productName = HelloWorldAppTests;
			productReference = 2D7156101995911600A0CAF0 /* HelloWorldAppTests.xctest */;
			productType = "com.apple.product-type.bundle.unit-test";
		};
/* End PBXNativeTarget section */

/* Begin PBXProject section */
		2D7155E71995911500A0CAF0 /* Project object */ = {
			isa = PBXProject;
			attributes = {
				CLASSPREFIX = HelloWorldApp;
				LastUpgradeCheck = 0510;
				ORGANIZATIONNAME = seatcat.mobi;
				TargetAttributes = {
					2D71560F1995911600A0CAF0 = {
						TestTargetID = 2D7155EE1995911500A0CAF0;
					};
				};
			};
			buildConfigurationList = 2D7155EA1995911500A0CAF0 /* Build configuration list for PBXProject "HelloWorldApp" */;
			compatibilityVersion = "Xcode 3.2";
			developmentRegion = English;
			hasScannedForEncodings = 0;
			knownRegions = (
				en,
				Base,
			);
			mainGroup = 2D7155E61995911500A0CAF0;
			productRefGroup = 2D7155F01995911500A0CAF0 /* Products */;
			projectDirPath = "";
			projectRoot = "";
			targets = (
				2D7155EE1995911500A0CAF0 /* HelloWorldApp */,
				2D71560F1995911600A0CAF0 /* HelloWorldAppTests */,
			);
		};
/* End PBXProject section */

/* Begin PBXResourcesBuildPhase section */
		2D7155ED1995911500A0CAF0 /* Resources */ = {
			isa = PBXResourcesBuildPhase;
			buildActionMask = 2147483647;
			files = (
				2D71560B1995911600A0CAF0 /* Images.xcassets in Resources */,
				2D7155FD1995911500A0CAF0 /* InfoPlist.strings in Resources */,
				2D7156061995911600A0CAF0 /* Main.storyboard in Resources */,
			);
			runOnlyForDeploymentPostprocessing = 0;
		};
		2D71560E1995911600A0CAF0 /* Resources */ = {
			isa = PBXResourcesBuildPhase;
			buildActionMask = 2147483647;
			files = (
				2D71561C1995911600A0CAF0 /* InfoPlist.strings in Resources */,
			);
			runOnlyForDeploymentPostprocessing = 0;
		};
/* End PBXResourcesBuildPhase section */

/* Begin PBXSourcesBuildPhase section */
		2D7155EB1995911500A0CAF0 /* Sources */ = {
			isa = PBXSourcesBuildPhase;
			buildActionMask = 2147483647;
			files = (
				2D7156091995911600A0CAF0 /* HelloWorldAppViewController.m in Sources */,
				2D7156031995911500A0CAF0 /* HelloWorldAppAppDelegate.m in Sources */,
				2D7155FF1995911500A0CAF0 /* main.m in Sources */,
			);
			runOnlyForDeploymentPostprocessing = 0;
		};
		2D71560C1995911600A0CAF0 /* Sources */ = {
			isa = PBXSourcesBuildPhase;
			buildActionMask = 2147483647;
			files = (
				2D71561E1995911600A0CAF0 /* HelloWorldAppTests.m in Sources */,
			);
			runOnlyForDeploymentPostprocessing = 0;
		};
/* End PBXSourcesBuildPhase section */

/* Begin PBXTargetDependency section */
		2D7156161995911600A0CAF0 /* PBXTargetDependency */ = {
			isa = PBXTargetDependency;
			target = 2D7155EE1995911500A0CAF0 /* HelloWorldApp */;
			targetProxy = 2D7156151995911600A0CAF0 /* PBXContainerItemProxy */;
		};
/* End PBXTargetDependency section */

/* Begin PBXVariantGroup section */
		2D7155FB1995911500A0CAF0 /* InfoPlist.strings */ = {
			isa = PBXVariantGroup;
			children = (
				2D7155FC1995911500A0CAF0 /* en */,
			);
			name = InfoPlist.strings;
			sourceTree = "<group>";
		};
		2D7156041995911600A0CAF0 /* Main.storyboard */ = {
			isa = PBXVariantGroup;
			children = (
				2D7156051995911600A0CAF0 /* Base */,
			);
			name = Main.storyboard;
			sourceTree = "<group>";
		};
		2D71561A1995911600A0CAF0 /* InfoPlist.strings */ = {
			isa = PBXVariantGroup;
			children = (
				2D71561B1995911600A0CAF0 /* en */,
			);
			name = InfoPlist.strings;
			sourceTree = "<group>";
		};
/* End PBXVariantGroup section */

/* Begin XCBuildConfiguration section */
		2D71561F1995911600A0CAF0 /* Debug */ = {
			isa = XCBuildConfiguration;
			buildSettings = {
				ALWAYS_SEARCH_USER_PATHS = NO;
				CLANG_CXX_LANGUAGE_STANDARD = "gnu++0x";
				CLANG_CXX_LIBRARY = "libc++";
				CLANG_ENABLE_MODULES = YES;
				CLANG_ENABLE_OBJC_ARC = YES;
				CLANG_WARN_BOOL_CONVERSION = YES;
				CLANG_WARN_CONSTANT_CONVERSION = YES;
				CLANG_WARN_DIRECT_OBJC_ISA_USAGE = YES_ERROR;
				CLANG_WARN_EMPTY_BODY = YES;
				CLANG_WARN_ENUM_CONVERSION = YES;
				CLANG_WARN_INT_CONVERSION = YES;
				CLANG_WARN_OBJC_ROOT_CLASS = YES_ERROR;
				CLANG_WARN__DUPLICATE_METHOD_MATCH = YES;
				"CODE_SIGN_IDENTITY[sdk=iphoneos*]" = "iPhone Developer";
				COPY_PHASE_STRIP = NO;
				GCC_C_LANGUAGE_STANDARD = gnu99;
				GCC_DYNAMIC_NO_PIC = NO;
				GCC_OPTIMIZATION_LEVEL = 0;
				GCC_PREPROCESSOR_DEFINITIONS = (
					"DEBUG=1",
					"$(inherited)",
				);
				GCC_SYMBOLS_PRIVATE_EXTERN = NO;
				GCC_WARN_64_TO_32_BIT_CONVERSION = YES;
				GCC_WARN_ABOUT_RETURN_TYPE = YES_ERROR;
				GCC_WARN_UNDECLARED_SELECTOR = YES;
				GCC_WARN_UNINITIALIZED_AUTOS = YES_AGGRESSIVE;
				GCC_WARN_UNUSED_FUNCTION = YES;
				GCC_WARN_UNUSED_VARIABLE = YES;
				IPHONEOS_DEPLOYMENT_TARGET = 7.1;
				ONLY_ACTIVE_ARCH = YES;
				SDKROOT = iphoneos;
			};
			name = Debug;
		};
		2D7156201995911600A0CAF0 /* Release */ = {
			isa = XCBuildConfiguration;
			buildSettings = {
				ALWAYS_SEARCH_USER_PATHS = NO;
				CLANG_CXX_LANGUAGE_STANDARD = "gnu++0x";
				CLANG_CXX_LIBRARY = "libc++";
				CLANG_ENABLE_MODULES = YES;
				CLANG_ENABLE_OBJC_ARC = YES;
				CLANG_WARN_BOOL_CONVERSION = YES;
				CLANG_WARN_CONSTANT_CONVERSION = YES;
				CLANG_WARN_DIRECT_OBJC_ISA_USAGE = YES_ERROR;
				CLANG_WARN_EMPTY_BODY = YES;
				CLANG_WARN_ENUM_CONVERSION = YES;
				CLANG_WARN_INT_CONVERSION = YES;
				CLANG_WARN_OBJC_ROOT_CLASS = YES_ERROR;
				CLANG_WARN__DUPLICATE_METHOD_MATCH = YES;
				"CODE_SIGN_IDENTITY[sdk=iphoneos*]" = "iPhone Developer";
				COPY_PHASE_STRIP = YES;
				ENABLE_NS_ASSERTIONS = NO;
				GCC_C_LANGUAGE_STANDARD = gnu99;
				GCC_WARN_64_TO_32_BIT_CONVERSION = YES;
				GCC_WARN_ABOUT_RETURN_TYPE = YES_ERROR;
				GCC_WARN_UNDECLARED_SELECTOR = YES;
				GCC_WARN_UNINITIALIZED_AUTOS = YES_AGGRESSIVE;
				GCC_WARN_UNUSED_FUNCTION = YES;
				GCC_WARN_UNUSED_VARIABLE = YES;
				IPHONEOS_DEPLOYMENT_TARGET = 7.1;
				SDKROOT = iphoneos;
				VALIDATE_PRODUCT = YES;
			};
			name = Release;
		};
		2D7156221995911600A0CAF0 /* Debug */ = {
			isa = XCBuildConfiguration;
			buildSettings = {
				ASSETCATALOG_COMPILER_APPICON_NAME = AppIcon;
				ASSETCATALOG_COMPILER_LAUNCHIMAGE_NAME = LaunchImage;
				GCC_PRECOMPILE_PREFIX_HEADER = YES;
				GCC_PREFIX_HEADER = "HelloWorldApp/HelloWorldApp-Prefix.pch";
				INFOPLIST_FILE = "HelloWorldApp/HelloWorldApp-Info.plist";
				PRODUCT_NAME = "$(TARGET_NAME)";
				WRAPPER_EXTENSION = app;
			};
			name = Debug;
		};
		2D7156231995911600A0CAF0 /* Release */ = {
			isa = XCBuildConfiguration;
			buildSettings = {
				ASSETCATALOG_COMPILER_APPICON_NAME = AppIcon;
				ASSETCATALOG_COMPILER_LAUNCHIMAGE_NAME = LaunchImage;
				GCC_PRECOMPILE_PREFIX_HEADER = YES;
				GCC_PREFIX_HEADER = "HelloWorldApp/HelloWorldApp-Prefix.pch";
				INFOPLIST_FILE = "HelloWorldApp/HelloWorldApp-Info.plist";
				PRODUCT_NAME = "$(TARGET_NAME)";
				WRAPPER_EXTENSION = app;
			};
			name = Release;
		};
		2D7156251995911600A0CAF0 /* Debug */ = {
			isa = XCBuildConfiguration;
			buildSettings = {
				BUNDLE_LOADER = "$(BUILT_PRODUCTS_DIR)/HelloWorldApp.app/HelloWorldApp";
				FRAMEWORK_SEARCH_PATHS = (
					"$(SDKROOT)/Developer/Library/Frameworks",
					"$(inherited)",
					"$(DEVELOPER_FRAMEWORKS_DIR)",
				);
				GCC_PRECOMPILE_PREFIX_HEADER = YES;
				GCC_PREFIX_HEADER = "HelloWorldApp/HelloWorldApp-Prefix.pch";
				GCC_PREPROCESSOR_DEFINITIONS = (
					"DEBUG=1",
					"$(inherited)",
				);
				INFOPLIST_FILE = "HelloWorldAppTests/HelloWorldAppTests-Info.plist";
				PRODUCT_NAME = "$(TARGET_NAME)";
				TEST_HOST = "$(BUNDLE_LOADER)";
				WRAPPER_EXTENSION = xctest;
			};
			name = Debug;
		};
		2D7156261995911600A0CAF0 /* Release */ = {
			isa = XCBuildConfiguration;
			buildSettings = {
				BUNDLE_LOADER = "$(BUILT_PRODUCTS_DIR)/HelloWorldApp.app/HelloWorldApp";
				FRAMEWORK_SEARCH_PATHS = (
					"$(SDKROOT)/Developer/Library/Frameworks",
					"$(inherited)",
					"$(DEVELOPER_FRAMEWORKS_DIR)",
				);
				GCC_PRECOMPILE_PREFIX_HEADER = YES;
				GCC_PREFIX_HEADER = "HelloWorldApp/HelloWorldApp-Prefix.pch";
				INFOPLIST_FILE = "HelloWorldAppTests/HelloWorldAppTests-Info.plist";
				PRODUCT_NAME = "$(TARGET_NAME)";
				TEST_HOST = "$(BUNDLE_LOADER)";
				WRAPPER_EXTENSION = xctest;
			};
			name = Release;
		};
/* End XCBuildConfiguration section */

/* Begin XCConfigurationList section */
		2D7155EA1995911500A0CAF0 /* Build configuration list for PBXProject "HelloWorldApp" */ = {
			isa = XCConfigurationList;
			buildConfigurations = (
				2D71561F1995911600A0CAF0 /* Debug */,
				2D7156201995911600A0CAF0 /* Release */,
			);
			defaultConfigurationIsVisible = 0;
			defaultConfigurationName = Release;
		};
		2D7156211995911600A0CAF0 /* Build configuration list for PBXNativeTarget "HelloWorldApp" */ = {
			isa = XCConfigurationList;
			buildConfigurations = (
				2D7156221995911600A0CAF0 /* Debug */,
				2D7156231995911600A0CAF0 /* Release */,
			);
			defaultConfigurationIsVisible = 0;
		};
		2D7156241995911600A0CAF0 /* Build configuration list for PBXNativeTarget "HelloWorldAppTests" */ = {
			isa = XCConfigurationList;
			buildConfigurations = (
				2D7156251995911600A0CAF0 /* Debug */,
				2D7156261995911600A0CAF0 /* Release */,
			);
			defaultConfigurationIsVisible = 0;
		};
/* End XCConfigurationList section */
	};
	rootObject = 2D7155E71995911500A0CAF0 /* Project object */;
}
