// !$*UTF8*$!
{
	archiveVersion = 1;
	classes = {
	};
	objectVersion = 46;
	objects = {

/* Begin PBXBuildFile section */
		2D9BAB4519B64EF800C0550A /* Foundation.framework in Frameworks */ = {isa = PBXBuildFile; fileRef = 2D9BAB4419B64EF800C0550A /* Foundation.framework */; };
		2D9BAB4719B64EF800C0550A /* CoreGraphics.framework in Frameworks */ = {isa = PBXBuildFile; fileRef = 2D9BAB4619B64EF800C0550A /* CoreGraphics.framework */; };
		2D9BAB4919B64EF800C0550A /* UIKit.framework in Frameworks */ = {isa = PBXBuildFile; fileRef = 2D9BAB4819B64EF800C0550A /* UIKit.framework */; };
		2D9BAB4F19B64EF800C0550A /* InfoPlist.strings in Resources */ = {isa = PBXBuildFile; fileRef = 2D9BAB4D19B64EF800C0550A /* InfoPlist.strings */; };
		2D9BAB5119B64EF800C0550A /* main.m in Sources */ = {isa = PBXBuildFile; fileRef = 2D9BAB5019B64EF800C0550A /* main.m */; };
		2D9BAB5519B64EF800C0550A /* SimplePostAppDelegate.m in Sources */ = {isa = PBXBuildFile; fileRef = 2D9BAB5419B64EF800C0550A /* SimplePostAppDelegate.m */; };
		2D9BAB5819B64EF800C0550A /* Main.storyboard in Resources */ = {isa = PBXBuildFile; fileRef = 2D9BAB5619B64EF800C0550A /* Main.storyboard */; };
		2D9BAB5B19B64EF800C0550A /* SimplePostViewController.m in Sources */ = {isa = PBXBuildFile; fileRef = 2D9BAB5A19B64EF800C0550A /* SimplePostViewController.m */; };
		2D9BAB5D19B64EF800C0550A /* Images.xcassets in Resources */ = {isa = PBXBuildFile; fileRef = 2D9BAB5C19B64EF800C0550A /* Images.xcassets */; };
		2D9BAB6419B64EF800C0550A /* XCTest.framework in Frameworks */ = {isa = PBXBuildFile; fileRef = 2D9BAB6319B64EF800C0550A /* XCTest.framework */; };
		2D9BAB6519B64EF800C0550A /* Foundation.framework in Frameworks */ = {isa = PBXBuildFile; fileRef = 2D9BAB4419B64EF800C0550A /* Foundation.framework */; };
		2D9BAB6619B64EF800C0550A /* UIKit.framework in Frameworks */ = {isa = PBXBuildFile; fileRef = 2D9BAB4819B64EF800C0550A /* UIKit.framework */; };
		2D9BAB6E19B64EF800C0550A /* InfoPlist.strings in Resources */ = {isa = PBXBuildFile; fileRef = 2D9BAB6C19B64EF800C0550A /* InfoPlist.strings */; };
		2D9BAB7019B64EF800C0550A /* SimplePostTests.m in Sources */ = {isa = PBXBuildFile; fileRef = 2D9BAB6F19B64EF800C0550A /* SimplePostTests.m */; };
/* End PBXBuildFile section */

/* Begin PBXContainerItemProxy section */
		2D9BAB6719B64EF800C0550A /* PBXContainerItemProxy */ = {
			isa = PBXContainerItemProxy;
			containerPortal = 2D9BAB3919B64EF800C0550A /* Project object */;
			proxyType = 1;
			remoteGlobalIDString = 2D9BAB4019B64EF800C0550A;
			remoteInfo = SimplePost;
		};
/* End PBXContainerItemProxy section */

/* Begin PBXFileReference section */
		2D9BAB4119B64EF800C0550A /* SimplePost.app */ = {isa = PBXFileReference; explicitFileType = wrapper.application; includeInIndex = 0; path = SimplePost.app; sourceTree = BUILT_PRODUCTS_DIR; };
		2D9BAB4419B64EF800C0550A /* Foundation.framework */ = {isa = PBXFileReference; lastKnownFileType = wrapper.framework; name = Foundation.framework; path = System/Library/Frameworks/Foundation.framework; sourceTree = SDKROOT; };
		2D9BAB4619B64EF800C0550A /* CoreGraphics.framework */ = {isa = PBXFileReference; lastKnownFileType = wrapper.framework; name = CoreGraphics.framework; path = System/Library/Frameworks/CoreGraphics.framework; sourceTree = SDKROOT; };
		2D9BAB4819B64EF800C0550A /* UIKit.framework */ = {isa = PBXFileReference; lastKnownFileType = wrapper.framework; name = UIKit.framework; path = System/Library/Frameworks/UIKit.framework; sourceTree = SDKROOT; };
		2D9BAB4C19B64EF800C0550A /* SimplePost-Info.plist */ = {isa = PBXFileReference; lastKnownFileType = text.plist.xml; path = "SimplePost-Info.plist"; sourceTree = "<group>"; };
		2D9BAB4E19B64EF800C0550A /* en */ = {isa = PBXFileReference; lastKnownFileType = text.plist.strings; name = en; path = en.lproj/InfoPlist.strings; sourceTree = "<group>"; };
		2D9BAB5019B64EF800C0550A /* main.m */ = {isa = PBXFileReference; lastKnownFileType = sourcecode.c.objc; path = main.m; sourceTree = "<group>"; };
		2D9BAB5219B64EF800C0550A /* SimplePost-Prefix.pch */ = {isa = PBXFileReference; lastKnownFileType = sourcecode.c.h; path = "SimplePost-Prefix.pch"; sourceTree = "<group>"; };
		2D9BAB5319B64EF800C0550A /* SimplePostAppDelegate.h */ = {isa = PBXFileReference; lastKnownFileType = sourcecode.c.h; path = SimplePostAppDelegate.h; sourceTree = "<group>"; };
		2D9BAB5419B64EF800C0550A /* SimplePostAppDelegate.m */ = {isa = PBXFileReference; lastKnownFileType = sourcecode.c.objc; path = SimplePostAppDelegate.m; sourceTree = "<group>"; };
		2D9BAB5719B64EF800C0550A /* Base */ = {isa = PBXFileReference; lastKnownFileType = file.storyboard; name = Base; path = Base.lproj/Main.storyboard; sourceTree = "<group>"; };
		2D9BAB5919B64EF800C0550A /* SimplePostViewController.h */ = {isa = PBXFileReference; lastKnownFileType = sourcecode.c.h; path = SimplePostViewController.h; sourceTree = "<group>"; };
		2D9BAB5A19B64EF800C0550A /* SimplePostViewController.m */ = {isa = PBXFileReference; lastKnownFileType = sourcecode.c.objc; path = SimplePostViewController.m; sourceTree = "<group>"; };
		2D9BAB5C19B64EF800C0550A /* Images.xcassets */ = {isa = PBXFileReference; lastKnownFileType = folder.assetcatalog; path = Images.xcassets; sourceTree = "<group>"; };
		2D9BAB6219B64EF800C0550A /* SimplePostTests.xctest */ = {isa = PBXFileReference; explicitFileType = wrapper.cfbundle; includeInIndex = 0; path = SimplePostTests.xctest; sourceTree = BUILT_PRODUCTS_DIR; };
		2D9BAB6319B64EF800C0550A /* XCTest.framework */ = {isa = PBXFileReference; lastKnownFileType = wrapper.framework; name = XCTest.framework; path = Library/Frameworks/XCTest.framework; sourceTree = DEVELOPER_DIR; };
		2D9BAB6B19B64EF800C0550A /* SimplePostTests-Info.plist */ = {isa = PBXFileReference; lastKnownFileType = text.plist.xml; path = "SimplePostTests-Info.plist"; sourceTree = "<group>"; };
		2D9BAB6D19B64EF800C0550A /* en */ = {isa = PBXFileReference; lastKnownFileType = text.plist.strings; name = en; path = en.lproj/InfoPlist.strings; sourceTree = "<group>"; };
		2D9BAB6F19B64EF800C0550A /* SimplePostTests.m */ = {isa = PBXFileReference; lastKnownFileType = sourcecode.c.objc; path = SimplePostTests.m; sourceTree = "<group>"; };
/* End PBXFileReference section */

/* Begin PBXFrameworksBuildPhase section */
		2D9BAB3E19B64EF800C0550A /* Frameworks */ = {
			isa = PBXFrameworksBuildPhase;
			buildActionMask = 2147483647;
			files = (
				2D9BAB4719B64EF800C0550A /* CoreGraphics.framework in Frameworks */,
				2D9BAB4919B64EF800C0550A /* UIKit.framework in Frameworks */,
				2D9BAB4519B64EF800C0550A /* Foundation.framework in Frameworks */,
			);
			runOnlyForDeploymentPostprocessing = 0;
		};
		2D9BAB5F19B64EF800C0550A /* Frameworks */ = {
			isa = PBXFrameworksBuildPhase;
			buildActionMask = 2147483647;
			files = (
				2D9BAB6419B64EF800C0550A /* XCTest.framework in Frameworks */,
				2D9BAB6619B64EF800C0550A /* UIKit.framework in Frameworks */,
				2D9BAB6519B64EF800C0550A /* Foundation.framework in Frameworks */,
			);
			runOnlyForDeploymentPostprocessing = 0;
		};
/* End PBXFrameworksBuildPhase section */

/* Begin PBXGroup section */
		2D9BAB3819B64EF800C0550A = {
			isa = PBXGroup;
			children = (
				2D9BAB4A19B64EF800C0550A /* SimplePost */,
				2D9BAB6919B64EF800C0550A /* SimplePostTests */,
				2D9BAB4319B64EF800C0550A /* Frameworks */,
				2D9BAB4219B64EF800C0550A /* Products */,
			);
			sourceTree = "<group>";
		};
		2D9BAB4219B64EF800C0550A /* Products */ = {
			isa = PBXGroup;
			children = (
				2D9BAB4119B64EF800C0550A /* SimplePost.app */,
				2D9BAB6219B64EF800C0550A /* SimplePostTests.xctest */,
			);
			name = Products;
			sourceTree = "<group>";
		};
		2D9BAB4319B64EF800C0550A /* Frameworks */ = {
			isa = PBXGroup;
			children = (
				2D9BAB4419B64EF800C0550A /* Foundation.framework */,
				2D9BAB4619B64EF800C0550A /* CoreGraphics.framework */,
				2D9BAB4819B64EF800C0550A /* UIKit.framework */,
				2D9BAB6319B64EF800C0550A /* XCTest.framework */,
			);
			name = Frameworks;
			sourceTree = "<group>";
		};
		2D9BAB4A19B64EF800C0550A /* SimplePost */ = {
			isa = PBXGroup;
			children = (
				2D9BAB5319B64EF800C0550A /* SimplePostAppDelegate.h */,
				2D9BAB5419B64EF800C0550A /* SimplePostAppDelegate.m */,
				2D9BAB5619B64EF800C0550A /* Main.storyboard */,
				2D9BAB5919B64EF800C0550A /* SimplePostViewController.h */,
				2D9BAB5A19B64EF800C0550A /* SimplePostViewController.m */,
				2D9BAB5C19B64EF800C0550A /* Images.xcassets */,
				2D9BAB4B19B64EF800C0550A /* Supporting Files */,
			);
			path = SimplePost;
			sourceTree = "<group>";
		};
		2D9BAB4B19B64EF800C0550A /* Supporting Files */ = {
			isa = PBXGroup;
			children = (
				2D9BAB4C19B64EF800C0550A /* SimplePost-Info.plist */,
				2D9BAB4D19B64EF800C0550A /* InfoPlist.strings */,
				2D9BAB5019B64EF800C0550A /* main.m */,
				2D9BAB5219B64EF800C0550A /* SimplePost-Prefix.pch */,
			);
			name = "Supporting Files";
			sourceTree = "<group>";
		};
		2D9BAB6919B64EF800C0550A /* SimplePostTests */ = {
			isa = PBXGroup;
			children = (
				2D9BAB6F19B64EF800C0550A /* SimplePostTests.m */,
				2D9BAB6A19B64EF800C0550A /* Supporting Files */,
			);
			path = SimplePostTests;
			sourceTree = "<group>";
		};
		2D9BAB6A19B64EF800C0550A /* Supporting Files */ = {
			isa = PBXGroup;
			children = (
				2D9BAB6B19B64EF800C0550A /* SimplePostTests-Info.plist */,
				2D9BAB6C19B64EF800C0550A /* InfoPlist.strings */,
			);
			name = "Supporting Files";
			sourceTree = "<group>";
		};
/* End PBXGroup section */

/* Begin PBXNativeTarget section */
		2D9BAB4019B64EF800C0550A /* SimplePost */ = {
			isa = PBXNativeTarget;
			buildConfigurationList = 2D9BAB7319B64EF800C0550A /* Build configuration list for PBXNativeTarget "SimplePost" */;
			buildPhases = (
				2D9BAB3D19B64EF800C0550A /* Sources */,
				2D9BAB3E19B64EF800C0550A /* Frameworks */,
				2D9BAB3F19B64EF800C0550A /* Resources */,
			);
			buildRules = (
			);
			dependencies = (
			);
			name = SimplePost;
			productName = SimplePost;
			productReference = 2D9BAB4119B64EF800C0550A /* SimplePost.app */;
			productType = "com.apple.product-type.application";
		};
		2D9BAB6119B64EF800C0550A /* SimplePostTests */ = {
			isa = PBXNativeTarget;
			buildConfigurationList = 2D9BAB7619B64EF800C0550A /* Build configuration list for PBXNativeTarget "SimplePostTests" */;
			buildPhases = (
				2D9BAB5E19B64EF800C0550A /* Sources */,
				2D9BAB5F19B64EF800C0550A /* Frameworks */,
				2D9BAB6019B64EF800C0550A /* Resources */,
			);
			buildRules = (
			);
			dependencies = (
				2D9BAB6819B64EF800C0550A /* PBXTargetDependency */,
			);
			name = SimplePostTests;
			productName = SimplePostTests;
			productReference = 2D9BAB6219B64EF800C0550A /* SimplePostTests.xctest */;
			productType = "com.apple.product-type.bundle.unit-test";
		};
/* End PBXNativeTarget section */

/* Begin PBXProject section */
		2D9BAB3919B64EF800C0550A /* Project object */ = {
			isa = PBXProject;
			attributes = {
				CLASSPREFIX = SimplePost;
				LastUpgradeCheck = 0510;
				ORGANIZATIONNAME = seatcat.mobi;
				TargetAttributes = {
					2D9BAB6119B64EF800C0550A = {
						TestTargetID = 2D9BAB4019B64EF800C0550A;
					};
				};
			};
			buildConfigurationList = 2D9BAB3C19B64EF800C0550A /* Build configuration list for PBXProject "SimplePost" */;
			compatibilityVersion = "Xcode 3.2";
			developmentRegion = English;
			hasScannedForEncodings = 0;
			knownRegions = (
				en,
				Base,
			);
			mainGroup = 2D9BAB3819B64EF800C0550A;
			productRefGroup = 2D9BAB4219B64EF800C0550A /* Products */;
			projectDirPath = "";
			projectRoot = "";
			targets = (
				2D9BAB4019B64EF800C0550A /* SimplePost */,
				2D9BAB6119B64EF800C0550A /* SimplePostTests */,
			);
		};
/* End PBXProject section */

/* Begin PBXResourcesBuildPhase section */
		2D9BAB3F19B64EF800C0550A /* Resources */ = {
			isa = PBXResourcesBuildPhase;
			buildActionMask = 2147483647;
			files = (
				2D9BAB5D19B64EF800C0550A /* Images.xcassets in Resources */,
				2D9BAB4F19B64EF800C0550A /* InfoPlist.strings in Resources */,
				2D9BAB5819B64EF800C0550A /* Main.storyboard in Resources */,
			);
			runOnlyForDeploymentPostprocessing = 0;
		};
		2D9BAB6019B64EF800C0550A /* Resources */ = {
			isa = PBXResourcesBuildPhase;
			buildActionMask = 2147483647;
			files = (
				2D9BAB6E19B64EF800C0550A /* InfoPlist.strings in Resources */,
			);
			runOnlyForDeploymentPostprocessing = 0;
		};
/* End PBXResourcesBuildPhase section */

/* Begin PBXSourcesBuildPhase section */
		2D9BAB3D19B64EF800C0550A /* Sources */ = {
			isa = PBXSourcesBuildPhase;
			buildActionMask = 2147483647;
			files = (
				2D9BAB5B19B64EF800C0550A /* SimplePostViewController.m in Sources */,
				2D9BAB5519B64EF800C0550A /* SimplePostAppDelegate.m in Sources */,
				2D9BAB5119B64EF800C0550A /* main.m in Sources */,
			);
			runOnlyForDeploymentPostprocessing = 0;
		};
		2D9BAB5E19B64EF800C0550A /* Sources */ = {
			isa = PBXSourcesBuildPhase;
			buildActionMask = 2147483647;
			files = (
				2D9BAB7019B64EF800C0550A /* SimplePostTests.m in Sources */,
			);
			runOnlyForDeploymentPostprocessing = 0;
		};
/* End PBXSourcesBuildPhase section */

/* Begin PBXTargetDependency section */
		2D9BAB6819B64EF800C0550A /* PBXTargetDependency */ = {
			isa = PBXTargetDependency;
			target = 2D9BAB4019B64EF800C0550A /* SimplePost */;
			targetProxy = 2D9BAB6719B64EF800C0550A /* PBXContainerItemProxy */;
		};
/* End PBXTargetDependency section */

/* Begin PBXVariantGroup section */
		2D9BAB4D19B64EF800C0550A /* InfoPlist.strings */ = {
			isa = PBXVariantGroup;
			children = (
				2D9BAB4E19B64EF800C0550A /* en */,
			);
			name = InfoPlist.strings;
			sourceTree = "<group>";
		};
		2D9BAB5619B64EF800C0550A /* Main.storyboard */ = {
			isa = PBXVariantGroup;
			children = (
				2D9BAB5719B64EF800C0550A /* Base */,
			);
			name = Main.storyboard;
			sourceTree = "<group>";
		};
		2D9BAB6C19B64EF800C0550A /* InfoPlist.strings */ = {
			isa = PBXVariantGroup;
			children = (
				2D9BAB6D19B64EF800C0550A /* en */,
			);
			name = InfoPlist.strings;
			sourceTree = "<group>";
		};
/* End PBXVariantGroup section */

/* Begin XCBuildConfiguration section */
		2D9BAB7119B64EF800C0550A /* Debug */ = {
			isa = XCBuildConfiguration;
			buildSettings = {
				ALWAYS_SEARCH_USER_PATHS = NO;
				CLANG_CXX_LANGUAGE_STANDARD = "gnu++0x";
				CLANG_CXX_LIBRARY = "libc++";
				CLANG_ENABLE_MODULES = YES;
				CLANG_ENABLE_OBJC_ARC = YES;
				CLANG_WARN_BOOL_CONVERSION = YES;
				CLANG_WARN_CONSTANT_CONVERSION = YES;
				CLANG_WARN_DIRECT_OBJC_ISA_USAGE = YES_ERROR;
				CLANG_WARN_EMPTY_BODY = YES;
				CLANG_WARN_ENUM_CONVERSION = YES;
				CLANG_WARN_INT_CONVERSION = YES;
				CLANG_WARN_OBJC_ROOT_CLASS = YES_ERROR;
				CLANG_WARN__DUPLICATE_METHOD_MATCH = YES;
				"CODE_SIGN_IDENTITY[sdk=iphoneos*]" = "iPhone Developer";
				COPY_PHASE_STRIP = NO;
				GCC_C_LANGUAGE_STANDARD = gnu99;
				GCC_DYNAMIC_NO_PIC = NO;
				GCC_OPTIMIZATION_LEVEL = 0;
				GCC_PREPROCESSOR_DEFINITIONS = (
					"DEBUG=1",
					"$(inherited)",
				);
				GCC_SYMBOLS_PRIVATE_EXTERN = NO;
				GCC_WARN_64_TO_32_BIT_CONVERSION = YES;
				GCC_WARN_ABOUT_RETURN_TYPE = YES_ERROR;
				GCC_WARN_UNDECLARED_SELECTOR = YES;
				GCC_WARN_UNINITIALIZED_AUTOS = YES_AGGRESSIVE;
				GCC_WARN_UNUSED_FUNCTION = YES;
				GCC_WARN_UNUSED_VARIABLE = YES;
				IPHONEOS_DEPLOYMENT_TARGET = 7.1;
				ONLY_ACTIVE_ARCH = YES;
				SDKROOT = iphoneos;
			};
			name = Debug;
		};
		2D9BAB7219B64EF800C0550A /* Release */ = {
			isa = XCBuildConfiguration;
			buildSettings = {
				ALWAYS_SEARCH_USER_PATHS = NO;
				CLANG_CXX_LANGUAGE_STANDARD = "gnu++0x";
				CLANG_CXX_LIBRARY = "libc++";
				CLANG_ENABLE_MODULES = YES;
				CLANG_ENABLE_OBJC_ARC = YES;
				CLANG_WARN_BOOL_CONVERSION = YES;
				CLANG_WARN_CONSTANT_CONVERSION = YES;
				CLANG_WARN_DIRECT_OBJC_ISA_USAGE = YES_ERROR;
				CLANG_WARN_EMPTY_BODY = YES;
				CLANG_WARN_ENUM_CONVERSION = YES;
				CLANG_WARN_INT_CONVERSION = YES;
				CLANG_WARN_OBJC_ROOT_CLASS = YES_ERROR;
				CLANG_WARN__DUPLICATE_METHOD_MATCH = YES;
				"CODE_SIGN_IDENTITY[sdk=iphoneos*]" = "iPhone Developer";
				COPY_PHASE_STRIP = YES;
				ENABLE_NS_ASSERTIONS = NO;
				GCC_C_LANGUAGE_STANDARD = gnu99;
				GCC_WARN_64_TO_32_BIT_CONVERSION = YES;
				GCC_WARN_ABOUT_RETURN_TYPE = YES_ERROR;
				GCC_WARN_UNDECLARED_SELECTOR = YES;
				GCC_WARN_UNINITIALIZED_AUTOS = YES_AGGRESSIVE;
				GCC_WARN_UNUSED_FUNCTION = YES;
				GCC_WARN_UNUSED_VARIABLE = YES;
				IPHONEOS_DEPLOYMENT_TARGET = 7.1;
				SDKROOT = iphoneos;
				VALIDATE_PRODUCT = YES;
			};
			name = Release;
		};
		2D9BAB7419B64EF800C0550A /* Debug */ = {
			isa = XCBuildConfiguration;
			buildSettings = {
				ASSETCATALOG_COMPILER_APPICON_NAME = AppIcon;
				ASSETCATALOG_COMPILER_LAUNCHIMAGE_NAME = LaunchImage;
				FRAMEWORK_SEARCH_PATHS = (
					"$(inherited)",
					"$(PROJECT_DIR)",
				);
				GCC_PRECOMPILE_PREFIX_HEADER = YES;
				GCC_PREFIX_HEADER = "SimplePost/SimplePost-Prefix.pch";
				INFOPLIST_FILE = "SimplePost/SimplePost-Info.plist";
				PRODUCT_NAME = "$(TARGET_NAME)";
				WRAPPER_EXTENSION = app;
			};
			name = Debug;
		};
		2D9BAB7519B64EF800C0550A /* Release */ = {
			isa = XCBuildConfiguration;
			buildSettings = {
				ASSETCATALOG_COMPILER_APPICON_NAME = AppIcon;
				ASSETCATALOG_COMPILER_LAUNCHIMAGE_NAME = LaunchImage;
				FRAMEWORK_SEARCH_PATHS = (
					"$(inherited)",
					"$(PROJECT_DIR)",
				);
				GCC_PRECOMPILE_PREFIX_HEADER = YES;
				GCC_PREFIX_HEADER = "SimplePost/SimplePost-Prefix.pch";
				INFOPLIST_FILE = "SimplePost/SimplePost-Info.plist";
				PRODUCT_NAME = "$(TARGET_NAME)";
				WRAPPER_EXTENSION = app;
			};
			name = Release;
		};
		2D9BAB7719B64EF800C0550A /* Debug */ = {
			isa = XCBuildConfiguration;
			buildSettings = {
				BUNDLE_LOADER = "$(BUILT_PRODUCTS_DIR)/SimplePost.app/SimplePost";
				FRAMEWORK_SEARCH_PATHS = (
					"$(SDKROOT)/Developer/Library/Frameworks",
					"$(inherited)",
					"$(DEVELOPER_FRAMEWORKS_DIR)",
				);
				GCC_PRECOMPILE_PREFIX_HEADER = YES;
				GCC_PREFIX_HEADER = "SimplePost/SimplePost-Prefix.pch";
				GCC_PREPROCESSOR_DEFINITIONS = (
					"DEBUG=1",
					"$(inherited)",
				);
				INFOPLIST_FILE = "SimplePostTests/SimplePostTests-Info.plist";
				PRODUCT_NAME = "$(TARGET_NAME)";
				TEST_HOST = "$(BUNDLE_LOADER)";
				WRAPPER_EXTENSION = xctest;
			};
			name = Debug;
		};
		2D9BAB7819B64EF800C0550A /* Release */ = {
			isa = XCBuildConfiguration;
			buildSettings = {
				BUNDLE_LOADER = "$(BUILT_PRODUCTS_DIR)/SimplePost.app/SimplePost";
				FRAMEWORK_SEARCH_PATHS = (
					"$(SDKROOT)/Developer/Library/Frameworks",
					"$(inherited)",
					"$(DEVELOPER_FRAMEWORKS_DIR)",
				);
				GCC_PRECOMPILE_PREFIX_HEADER = YES;
				GCC_PREFIX_HEADER = "SimplePost/SimplePost-Prefix.pch";
				INFOPLIST_FILE = "SimplePostTests/SimplePostTests-Info.plist";
				PRODUCT_NAME = "$(TARGET_NAME)";
				TEST_HOST = "$(BUNDLE_LOADER)";
				WRAPPER_EXTENSION = xctest;
			};
			name = Release;
		};
/* End XCBuildConfiguration section */

/* Begin XCConfigurationList section */
		2D9BAB3C19B64EF800C0550A /* Build configuration list for PBXProject "SimplePost" */ = {
			isa = XCConfigurationList;
			buildConfigurations = (
				2D9BAB7119B64EF800C0550A /* Debug */,
				2D9BAB7219B64EF800C0550A /* Release */,
			);
			defaultConfigurationIsVisible = 0;
			defaultConfigurationName = Release;
		};
		2D9BAB7319B64EF800C0550A /* Build configuration list for PBXNativeTarget "SimplePost" */ = {
			isa = XCConfigurationList;
			buildConfigurations = (
				2D9BAB7419B64EF800C0550A /* Debug */,
				2D9BAB7519B64EF800C0550A /* Release */,
			);
			defaultConfigurationIsVisible = 0;
		};
		2D9BAB7619B64EF800C0550A /* Build configuration list for PBXNativeTarget "SimplePostTests" */ = {
			isa = XCConfigurationList;
			buildConfigurations = (
				2D9BAB7719B64EF800C0550A /* Debug */,
				2D9BAB7819B64EF800C0550A /* Release */,
			);
			defaultConfigurationIsVisible = 0;
		};
/* End XCConfigurationList section */
	};
	rootObject = 2D9BAB3919B64EF800C0550A /* Project object */;
}
